# This file is automatically @generated by Cargo.
# It is not intended for manual editing.
version = 4

[[package]]
name = "notedthat-api-http"
version = "0.1.0"

[[package]]
name = "notedthat-core"
version = "0.1.0"

[[package]]
name = "notedthat-indexer"
version = "0.1.0"

[[package]]
name = "notedthat-mcp"
version = "0.1.0"

[[package]]
name = "notedthat-mcp-stdio"
version = "0.1.0"

[[package]]
name = "notedthat-server"
version = "0.1.0"

[[package]]
name = "notedthat-storage-s3"
version = "0.1.0"

[[package]]
name = "notedthat-webdav"
version = "0.1.0"
